
Microsoft Visual Studio Solution File, Format Version 12.00
# Visual Studio Version 17
VisualStudioVersion = 17.6.33801.468
MinimumVisualStudioVersion = 10.0.40219.1
Project("{FAE04EC0-301F-11D3-BF4B-00C04F79EFBC}") = "yokkaPaint", "yokkaPaint\yokkaPaint.csproj", "{CE7477EF-5240-42AE-81E0-AB01A0F1C349}"
EndProject
Global
	GlobalSection(SolutionConfigurationPlatforms) = preSolution
		Debug|Any CPU = Debug|Any CPU
		Release|Any CPU = Release|Any CPU
	EndGlobalSection
	GlobalSection(ProjectConfigurationPlatforms) = postSolution
		{CE7477EF-5240-42AE-81E0-AB01A0F1C349}.Debug|Any CPU.ActiveCfg = Debug|Any CPU
		{CE7477EF-5240-42AE-81E0-AB01A0F1C349}.Debug|Any CPU.Build.0 = Debug|Any CPU
		{CE7477EF-5240-42AE-81E0-AB01A0F1C349}.Release|Any CPU.ActiveCfg = Release|Any CPU
		{CE7477EF-5240-42AE-81E0-AB01A0F1C349}.Release|Any CPU.Build.0 = Release|Any CPU
	EndGlobalSection
	GlobalSection(SolutionProperties) = preSolution
		HideSolutionNode = FALSE
	EndGlobalSection
	GlobalSection(ExtensibilityGlobals) = postSolution
		SolutionGuid = {A8DDCF7E-D750-4C49-875D-4FE73B9D0939}
	EndGlobalSection
EndGlobal
